dependencies:
- name: common
  repository: https://charts.bitnami.com/bitnami
  version: 2.41.0
- name: ingress-nginx
  repository: https://kubernetes.github.io/ingress-nginx
  version: 4.1.4
digest: sha256:386317fe6465e69615df3ba91fafd49b33921292e82a3e74c75112f40c67163a
generated: "2026-08-29T08:09:33.15379511Z"
