dependencies:
- name: common
  repository: https://charts.bitnami.com/bitnami
  version: 1.17.1
- name: kube-prometheus-stack
  repository: https://prometheus-community.github.io/helm-charts
  version: 86.0.1
digest: sha256:58392ac1da91003a8e7e378f21e4bd5850b73fd7979a72960a49b9df76cbc451
generated: "2026-05-29T11:15:51.056133559Z"
