dependencies:
- name: common
  repository: https://charts.bitnami.com/bitnami
  version: 1.17.1
- name: kube-prometheus-stack
  repository: https://prometheus-community.github.io/helm-charts
  version: 85.3.3
digest: sha256:24fb4e43e34683e2663e09930d05a41d630c9227eb0f86a8423be2e51eba8dc5
generated: "2026-05-25T11:42:36.855828186Z"
