dependencies:
- name: common
  repository: https://charts.bitnami.com/bitnami
  version: 1.17.1
- name: kube-prometheus-stack
  repository: https://prometheus-community.github.io/helm-charts
  version: 84.5.0
digest: sha256:79325ecc0ec6ef43825ce1aea068ce20b581d3ad8aee539097beb48e74420cc7
generated: "2026-05-02T07:50:01.365803671Z"
